
Microsoft Visual Studio Solution File, Format Version 12.00
Project("{FAE04EC0-301F-11D3-BF4B-00C04F79EFBC}") = "fiap_5nett_tech.Api.CreateContact", "fiap_5nett_tech.Api.CreateContact.csproj", "{6B26C945-4703-411A-9483-80C64D414D8C}"
EndProject
Global
	GlobalSection(SolutionConfigurationPlatforms) = preSolution
		Debug|Any CPU = Debug|Any CPU
		Release|Any CPU = Release|Any CPU
	EndGlobalSection
	GlobalSection(ProjectConfigurationPlatforms) = postSolution
		{6B26C945-4703-411A-9483-80C64D414D8C}.Debug|Any CPU.ActiveCfg = Debug|Any CPU
		{6B26C945-4703-411A-9483-80C64D414D8C}.Debug|Any CPU.Build.0 = Debug|Any CPU
		{6B26C945-4703-411A-9483-80C64D414D8C}.Release|Any CPU.ActiveCfg = Release|Any CPU
		{6B26C945-4703-411A-9483-80C64D414D8C}.Release|Any CPU.Build.0 = Release|Any CPU
	EndGlobalSection
EndGlobal
